
Microsoft Visual Studio Solution File, Format Version 12.00
# Visual Studio Version 16
VisualStudioVersion = 16.0.29926.136
MinimumVisualStudioVersion = 10.0.40219.1
Project("{8BC9CEB8-8B4A-11D0-8D11-00A0C91BC942}") = "PacketEvents", "PacketEvents\PacketEvents.vcxproj", "{5E52EFA2-AAC0-4CC1-B657-6BF42F3861B8}"
EndProject
Global
	GlobalSection(SolutionConfigurationPlatforms) = preSolution
		Debug|x64 = Debug|x64
		Debug|x86 = Debug|x86
		Release|x64 = Release|x64
		Release|x86 = Release|x86
	EndGlobalSection
	GlobalSection(ProjectConfigurationPlatforms) = postSolution
		{5E52EFA2-AAC0-4CC1-B657-6BF42F3861B8}.Debug|x64.ActiveCfg = Debug|x64
		{5E52EFA2-AAC0-4CC1-B657-6BF42F3861B8}.Debug|x64.Build.0 = Debug|x64
		{5E52EFA2-AAC0-4CC1-B657-6BF42F3861B8}.Debug|x86.ActiveCfg = Debug|Win32
		{5E52EFA2-AAC0-4CC1-B657-6BF42F3861B8}.Debug|x86.Build.0 = Debug|Win32
		{5E52EFA2-AAC0-4CC1-B657-6BF42F3861B8}.Release|x64.ActiveCfg = Release|x64
		{5E52EFA2-AAC0-4CC1-B657-6BF42F3861B8}.Release|x64.Build.0 = Release|x64
		{5E52EFA2-AAC0-4CC1-B657-6BF42F3861B8}.Release|x86.ActiveCfg = Release|Win32
		{5E52EFA2-AAC0-4CC1-B657-6BF42F3861B8}.Release|x86.Build.0 = Release|Win32
	EndGlobalSection
	GlobalSection(SolutionProperties) = preSolution
		HideSolutionNode = FALSE
	EndGlobalSection
	GlobalSection(ExtensibilityGlobals) = postSolution
		SolutionGuid = {195002EC-7A7C-478E-9283-CD1919406706}
	EndGlobalSection
EndGlobal
